
Microsoft Visual Studio Solution File, Format Version 12.00
# Visual Studio Version 18
VisualStudioVersion = 18.7.11911.148
MinimumVisualStudioVersion = 10.0.40219.1
Project("{9A19103F-16F7-4668-BE54-9A1E7A4F7556}") = "Haskoli.Domain", "src\Haskoli.Domain\Haskoli.Domain.csproj", "{C1E2D451-E354-450E-82C4-1F3B26C6C942}"
EndProject
Project("{2150E333-8FDC-42A3-9474-1A3956D46DE8}") = "src", "src", "{E64600C3-F0D9-461C-B1F9-2AB69B2E7267}"
EndProject
Project("{2150E333-8FDC-42A3-9474-1A3956D46DE8}") = "docs", "docs", "{D0C449CA-F181-42E7-9CCD-B9B64D3C8B7C}"
	ProjectSection(SolutionItems) = preProject
		docs\PRD.md = docs\PRD.md
		docs\README.md = docs\README.md
	EndProjectSection
EndProject
Project("{2150E333-8FDC-42A3-9474-1A3956D46DE8}") = "tests", "tests", "{CDC7FC18-9E89-4AF7-93F5-439B72ED6D45}"
EndProject
Project("{2150E333-8FDC-42A3-9474-1A3956D46DE8}") = "Infrastructure", "Infrastructure", "{62E8722C-4527-4B0E-B438-ED3BDF5CF9B5}"
EndProject
Project("{2150E333-8FDC-42A3-9474-1A3956D46DE8}") = "API", "API", "{2EA71107-AE0B-43B5-B5A6-E7A9617E93AB}"
EndProject
Project("{9A19103F-16F7-4668-BE54-9A1E7A4F7556}") = "Haskoli.Infrastructure.Common", "src\Haskoli.Infrastructure.Common\Haskoli.Infrastructure.Common.csproj", "{487DDC7C-8ECD-4209-B801-9DA6EEEA2D15}"
EndProject
Project("{9A19103F-16F7-4668-BE54-9A1E7A4F7556}") = "Haskoli.Infrastructure.Persistence", "src\Haskoli.Infrastructure.Persistence\Haskoli.Infrastructure.Persistence.csproj", "{650FA9F4-6F7B-48CC-A855-57F27484C12D}"
EndProject
Project("{9A19103F-16F7-4668-BE54-9A1E7A4F7556}") = "Haskoli.Infrastructure.UnitOfWork", "src\Haskoli.Infrastructure.UnitOfWork\Haskoli.Infrastructure.UnitOfWork.csproj", "{AF8E9EED-FE53-438B-8306-2B350810C764}"
EndProject
Project("{9A19103F-16F7-4668-BE54-9A1E7A4F7556}") = "Haskoli.Application", "src\Haskoli.Application\Haskoli.Application.csproj", "{3501E329-CD92-469A-BFD0-C38A44D08A07}"
EndProject
Project("{9A19103F-16F7-4668-BE54-9A1E7A4F7556}") = "Haskoli.Api", "src\Haskoli.Api\Haskoli.Api.csproj", "{BA87A936-0F80-43D5-BF84-FDFE6CFDE08B}"
EndProject
Project("{9A19103F-16F7-4668-BE54-9A1E7A4F7556}") = "Haskoli.Infrastructure.Identity", "src\Haskoli.Infrastructure.Identity\Haskoli.Infrastructure.Identity.csproj", "{23486741-9378-4829-AA18-1C953547F30C}"
EndProject
Project("{2150E333-8FDC-42A3-9474-1A3956D46DE8}") = "Core", "Core", "{2C623D6C-D59E-45DE-B814-1BF6B88A4404}"
EndProject
Project("{FAE04EC0-301F-11D3-BF4B-00C04F79EFBC}") = "Haskoli.NTest", "tests\Haskoli.NTest\Haskoli.NTest.csproj", "{70419425-52B9-4DEA-A4B8-5F32EEAD355E}"
EndProject
Global
	GlobalSection(SolutionConfigurationPlatforms) = preSolution
		Debug|Any CPU = Debug|Any CPU
		Release|Any CPU = Release|Any CPU
	EndGlobalSection
	GlobalSection(ProjectConfigurationPlatforms) = postSolution
		{C1E2D451-E354-450E-82C4-1F3B26C6C942}.Debug|Any CPU.ActiveCfg = Debug|Any CPU
		{C1E2D451-E354-450E-82C4-1F3B26C6C942}.Debug|Any CPU.Build.0 = Debug|Any CPU
		{C1E2D451-E354-450E-82C4-1F3B26C6C942}.Release|Any CPU.ActiveCfg = Release|Any CPU
		{C1E2D451-E354-450E-82C4-1F3B26C6C942}.Release|Any CPU.Build.0 = Release|Any CPU
		{487DDC7C-8ECD-4209-B801-9DA6EEEA2D15}.Debug|Any CPU.ActiveCfg = Debug|Any CPU
		{487DDC7C-8ECD-4209-B801-9DA6EEEA2D15}.Debug|Any CPU.Build.0 = Debug|Any CPU
		{487DDC7C-8ECD-4209-B801-9DA6EEEA2D15}.Release|Any CPU.ActiveCfg = Release|Any CPU
		{487DDC7C-8ECD-4209-B801-9DA6EEEA2D15}.Release|Any CPU.Build.0 = Release|Any CPU
		{650FA9F4-6F7B-48CC-A855-57F27484C12D}.Debug|Any CPU.ActiveCfg = Debug|Any CPU
		{650FA9F4-6F7B-48CC-A855-57F27484C12D}.Debug|Any CPU.Build.0 = Debug|Any CPU
		{650FA9F4-6F7B-48CC-A855-57F27484C12D}.Release|Any CPU.ActiveCfg = Release|Any CPU
		{650FA9F4-6F7B-48CC-A855-57F27484C12D}.Release|Any CPU.Build.0 = Release|Any CPU
		{AF8E9EED-FE53-438B-8306-2B350810C764}.Debug|Any CPU.ActiveCfg = Debug|Any CPU
		{AF8E9EED-FE53-438B-8306-2B350810C764}.Debug|Any CPU.Build.0 = Debug|Any CPU
		{AF8E9EED-FE53-438B-8306-2B350810C764}.Release|Any CPU.ActiveCfg = Release|Any CPU
		{AF8E9EED-FE53-438B-8306-2B350810C764}.Release|Any CPU.Build.0 = Release|Any CPU
		{3501E329-CD92-469A-BFD0-C38A44D08A07}.Debug|Any CPU.ActiveCfg = Debug|Any CPU
		{3501E329-CD92-469A-BFD0-C38A44D08A07}.Debug|Any CPU.Build.0 = Debug|Any CPU
		{3501E329-CD92-469A-BFD0-C38A44D08A07}.Release|Any CPU.ActiveCfg = Release|Any CPU
		{3501E329-CD92-469A-BFD0-C38A44D08A07}.Release|Any CPU.Build.0 = Release|Any CPU
		{BA87A936-0F80-43D5-BF84-FDFE6CFDE08B}.Debug|Any CPU.ActiveCfg = Debug|Any CPU
		{BA87A936-0F80-43D5-BF84-FDFE6CFDE08B}.Debug|Any CPU.Build.0 = Debug|Any CPU
		{BA87A936-0F80-43D5-BF84-FDFE6CFDE08B}.Release|Any CPU.ActiveCfg = Release|Any CPU
		{BA87A936-0F80-43D5-BF84-FDFE6CFDE08B}.Release|Any CPU.Build.0 = Release|Any CPU
		{23486741-9378-4829-AA18-1C953547F30C}.Debug|Any CPU.ActiveCfg = Debug|Any CPU
		{23486741-9378-4829-AA18-1C953547F30C}.Debug|Any CPU.Build.0 = Debug|Any CPU
		{23486741-9378-4829-AA18-1C953547F30C}.Release|Any CPU.ActiveCfg = Release|Any CPU
		{23486741-9378-4829-AA18-1C953547F30C}.Release|Any CPU.Build.0 = Release|Any CPU
		{70419425-52B9-4DEA-A4B8-5F32EEAD355E}.Debug|Any CPU.ActiveCfg = Debug|Any CPU
		{70419425-52B9-4DEA-A4B8-5F32EEAD355E}.Debug|Any CPU.Build.0 = Debug|Any CPU
		{70419425-52B9-4DEA-A4B8-5F32EEAD355E}.Release|Any CPU.ActiveCfg = Release|Any CPU
		{70419425-52B9-4DEA-A4B8-5F32EEAD355E}.Release|Any CPU.Build.0 = Release|Any CPU
	EndGlobalSection
	GlobalSection(SolutionProperties) = preSolution
		HideSolutionNode = FALSE
	EndGlobalSection
	GlobalSection(NestedProjects) = preSolution
		{C1E2D451-E354-450E-82C4-1F3B26C6C942} = {2C623D6C-D59E-45DE-B814-1BF6B88A4404}
		{62E8722C-4527-4B0E-B438-ED3BDF5CF9B5} = {E64600C3-F0D9-461C-B1F9-2AB69B2E7267}
		{2EA71107-AE0B-43B5-B5A6-E7A9617E93AB} = {E64600C3-F0D9-461C-B1F9-2AB69B2E7267}
		{487DDC7C-8ECD-4209-B801-9DA6EEEA2D15} = {62E8722C-4527-4B0E-B438-ED3BDF5CF9B5}
		{650FA9F4-6F7B-48CC-A855-57F27484C12D} = {62E8722C-4527-4B0E-B438-ED3BDF5CF9B5}
		{AF8E9EED-FE53-438B-8306-2B350810C764} = {62E8722C-4527-4B0E-B438-ED3BDF5CF9B5}
		{3501E329-CD92-469A-BFD0-C38A44D08A07} = {2C623D6C-D59E-45DE-B814-1BF6B88A4404}
		{BA87A936-0F80-43D5-BF84-FDFE6CFDE08B} = {2EA71107-AE0B-43B5-B5A6-E7A9617E93AB}
		{23486741-9378-4829-AA18-1C953547F30C} = {62E8722C-4527-4B0E-B438-ED3BDF5CF9B5}
		{2C623D6C-D59E-45DE-B814-1BF6B88A4404} = {E64600C3-F0D9-461C-B1F9-2AB69B2E7267}
		{70419425-52B9-4DEA-A4B8-5F32EEAD355E} = {CDC7FC18-9E89-4AF7-93F5-439B72ED6D45}
	EndGlobalSection
	GlobalSection(ExtensibilityGlobals) = postSolution
		SolutionGuid = {7B82448B-1AE3-4BA6-8759-1C3DF4E82373}
	EndGlobalSection
EndGlobal
